
Microsoft Visual Studio Solution File, Format Version 12.00
# Visual Studio 2013
VisualStudioVersion = 12.0.30501.0
MinimumVisualStudioVersion = 10.0.40219.1
Project("{FAE04EC0-301F-11D3-BF4B-00C04F79EFBC}") = "testpkg.PowerShell", "MFiles.EntityFramework.PowerShell\testpkg.PowerShell.csproj", "{1076A9BE-245C-4EAA-A835-18DEBBD62624}"
EndProject
Project("{FAE04EC0-301F-11D3-BF4B-00C04F79EFBC}") = "testpkg.PowerShell.Utility", "MFiles.EntityFramework.Helper\testpkg.PowerShell.Utility.csproj", "{BC1FC5DD-E1AF-431A-A848-ABF333367ED3}"
EndProject
Project("{FAE04EC0-301F-11D3-BF4B-00C04F79EFBC}") = "MFiles.EntityFramework", "MFiles.EntityFramework\MFiles.EntityFramework.csproj", "{12F9E46E-EDF2-4466-9583-18FF1679775D}"
EndProject
Project("{FAE04EC0-301F-11D3-BF4B-00C04F79EFBC}") = "Test", "Test\Test.csproj", "{7A5C2271-FCF2-46D0-B365-B79DE4B3DF55}"
EndProject
Global
	GlobalSection(SolutionConfigurationPlatforms) = preSolution
		Debug|Any CPU = Debug|Any CPU
		Release|Any CPU = Release|Any CPU
	EndGlobalSection
	GlobalSection(ProjectConfigurationPlatforms) = postSolution
		{1076A9BE-245C-4EAA-A835-18DEBBD62624}.Debug|Any CPU.ActiveCfg = Debug|Any CPU
		{1076A9BE-245C-4EAA-A835-18DEBBD62624}.Debug|Any CPU.Build.0 = Debug|Any CPU
		{1076A9BE-245C-4EAA-A835-18DEBBD62624}.Release|Any CPU.ActiveCfg = Release|Any CPU
		{1076A9BE-245C-4EAA-A835-18DEBBD62624}.Release|Any CPU.Build.0 = Release|Any CPU
		{BC1FC5DD-E1AF-431A-A848-ABF333367ED3}.Debug|Any CPU.ActiveCfg = Debug|Any CPU
		{BC1FC5DD-E1AF-431A-A848-ABF333367ED3}.Debug|Any CPU.Build.0 = Debug|Any CPU
		{BC1FC5DD-E1AF-431A-A848-ABF333367ED3}.Release|Any CPU.ActiveCfg = Release|Any CPU
		{BC1FC5DD-E1AF-431A-A848-ABF333367ED3}.Release|Any CPU.Build.0 = Release|Any CPU
		{12F9E46E-EDF2-4466-9583-18FF1679775D}.Debug|Any CPU.ActiveCfg = Debug|Any CPU
		{12F9E46E-EDF2-4466-9583-18FF1679775D}.Debug|Any CPU.Build.0 = Debug|Any CPU
		{12F9E46E-EDF2-4466-9583-18FF1679775D}.Release|Any CPU.ActiveCfg = Release|Any CPU
		{12F9E46E-EDF2-4466-9583-18FF1679775D}.Release|Any CPU.Build.0 = Release|Any CPU
		{7A5C2271-FCF2-46D0-B365-B79DE4B3DF55}.Debug|Any CPU.ActiveCfg = Debug|Any CPU
		{7A5C2271-FCF2-46D0-B365-B79DE4B3DF55}.Debug|Any CPU.Build.0 = Debug|Any CPU
		{7A5C2271-FCF2-46D0-B365-B79DE4B3DF55}.Release|Any CPU.ActiveCfg = Release|Any CPU
		{7A5C2271-FCF2-46D0-B365-B79DE4B3DF55}.Release|Any CPU.Build.0 = Release|Any CPU
	EndGlobalSection
	GlobalSection(SolutionProperties) = preSolution
		HideSolutionNode = FALSE
	EndGlobalSection
EndGlobal
